
Microsoft Visual Studio Solution File, Format Version 12.00
# Visual Studio Version 16
VisualStudioVersion = 16.0.31911.196
MinimumVisualStudioVersion = 10.0.40219.1
Project("{9A19103F-16F7-4668-BE54-9A1E7A4F7556}") = "KeyTools", "KeyTools\KeyTools.csproj", "{44CCA4EE-2B2C-4708-99BB-E2B8492E8018}"
EndProject
Global
	GlobalSection(SolutionConfigurationPlatforms) = preSolution
		Debug|Any CPU = Debug|Any CPU
		Release|Any CPU = Release|Any CPU
	EndGlobalSection
	GlobalSection(ProjectConfigurationPlatforms) = postSolution
		{44CCA4EE-2B2C-4708-99BB-E2B8492E8018}.Debug|Any CPU.ActiveCfg = Debug|Any CPU
		{44CCA4EE-2B2C-4708-99BB-E2B8492E8018}.Debug|Any CPU.Build.0 = Debug|Any CPU
		{44CCA4EE-2B2C-4708-99BB-E2B8492E8018}.Release|Any CPU.ActiveCfg = Release|Any CPU
		{44CCA4EE-2B2C-4708-99BB-E2B8492E8018}.Release|Any CPU.Build.0 = Release|Any CPU
	EndGlobalSection
	GlobalSection(SolutionProperties) = preSolution
		HideSolutionNode = FALSE
	EndGlobalSection
	GlobalSection(ExtensibilityGlobals) = postSolution
		SolutionGuid = {AFA0D4A1-F8EC-46F0-A504-C40B7D138368}
	EndGlobalSection
EndGlobal
